
Microsoft Visual Studio Solution File, Format Version 12.00
# Visual Studio 15
VisualStudioVersion = 15.0.27130.2026
MinimumVisualStudioVersion = 10.0.40219.1
Project("{FAE04EC0-301F-11D3-BF4B-00C04F79EFBC}") = "App12", "App12\App12.csproj", "{6D7DB5BD-3478-4B3E-8A0F-DAFF5A4A737D}"
EndProject
Project("{FAE04EC0-301F-11D3-BF4B-00C04F79EFBC}") = "App11", "..\App11\App11\App11.csproj", "{13983F84-EE83-47EE-B791-E994061468FE}"
EndProject
Global
	GlobalSection(SolutionConfigurationPlatforms) = preSolution
		Debug|Any CPU = Debug|Any CPU
		Release|Any CPU = Release|Any CPU
	EndGlobalSection
	GlobalSection(ProjectConfigurationPlatforms) = postSolution
		{6D7DB5BD-3478-4B3E-8A0F-DAFF5A4A737D}.Debug|Any CPU.ActiveCfg = Debug|Any CPU
		{6D7DB5BD-3478-4B3E-8A0F-DAFF5A4A737D}.Debug|Any CPU.Build.0 = Debug|Any CPU
		{6D7DB5BD-3478-4B3E-8A0F-DAFF5A4A737D}.Debug|Any CPU.Deploy.0 = Debug|Any CPU
		{6D7DB5BD-3478-4B3E-8A0F-DAFF5A4A737D}.Release|Any CPU.ActiveCfg = Release|Any CPU
		{6D7DB5BD-3478-4B3E-8A0F-DAFF5A4A737D}.Release|Any CPU.Build.0 = Release|Any CPU
		{6D7DB5BD-3478-4B3E-8A0F-DAFF5A4A737D}.Release|Any CPU.Deploy.0 = Release|Any CPU
		{13983F84-EE83-47EE-B791-E994061468FE}.Debug|Any CPU.ActiveCfg = Debug|Any CPU
		{13983F84-EE83-47EE-B791-E994061468FE}.Debug|Any CPU.Build.0 = Debug|Any CPU
		{13983F84-EE83-47EE-B791-E994061468FE}.Debug|Any CPU.Deploy.0 = Debug|Any CPU
		{13983F84-EE83-47EE-B791-E994061468FE}.Release|Any CPU.ActiveCfg = Release|Any CPU
		{13983F84-EE83-47EE-B791-E994061468FE}.Release|Any CPU.Build.0 = Release|Any CPU
		{13983F84-EE83-47EE-B791-E994061468FE}.Release|Any CPU.Deploy.0 = Release|Any CPU
	EndGlobalSection
	GlobalSection(SolutionProperties) = preSolution
		HideSolutionNode = FALSE
	EndGlobalSection
	GlobalSection(ExtensibilityGlobals) = postSolution
		SolutionGuid = {E30DDA32-787A-4D1D-BED5-E6B04D6EEE15}
	EndGlobalSection
EndGlobal
